
Microsoft Visual Studio Solution File, Format Version 12.00
# Visual Studio Version 16
VisualStudioVersion = 16.0.31025.194
MinimumVisualStudioVersion = 10.0.40219.1
Project("{FAE04EC0-301F-11D3-BF4B-00C04F79EFBC}") = "OwnRestAPI", "OwnRestAPI\OwnRestAPI.csproj", "{382090F1-6439-4FF7-8F64-C47A530FFCE9}"
EndProject
Global
	GlobalSection(SolutionConfigurationPlatforms) = preSolution
		Debug|Any CPU = Debug|Any CPU
		Release|Any CPU = Release|Any CPU
	EndGlobalSection
	GlobalSection(ProjectConfigurationPlatforms) = postSolution
		{382090F1-6439-4FF7-8F64-C47A530FFCE9}.Debug|Any CPU.ActiveCfg = Debug|Any CPU
		{382090F1-6439-4FF7-8F64-C47A530FFCE9}.Debug|Any CPU.Build.0 = Debug|Any CPU
		{382090F1-6439-4FF7-8F64-C47A530FFCE9}.Release|Any CPU.ActiveCfg = Release|Any CPU
		{382090F1-6439-4FF7-8F64-C47A530FFCE9}.Release|Any CPU.Build.0 = Release|Any CPU
	EndGlobalSection
	GlobalSection(SolutionProperties) = preSolution
		HideSolutionNode = FALSE
	EndGlobalSection
	GlobalSection(ExtensibilityGlobals) = postSolution
		SolutionGuid = {F17AED63-147B-4945-8E26-F31ACBF87A24}
	EndGlobalSection
EndGlobal
